
Microsoft Visual Studio Solution File, Format Version 12.00
# Visual Studio Version 17
VisualStudioVersion = 17.8.34525.116
MinimumVisualStudioVersion = 10.0.40219.1
Project("{9A19103F-16F7-4668-BE54-9A1E7A4F7556}") = "CrudUsingCore.Web", "CrudUsingCore.Web.csproj", "{493ED90D-41F8-49E7-B6D7-382CC87ECB21}"
EndProject
Project("{FAE04EC0-301F-11D3-BF4B-00C04F79EFBC}") = "CrudUsingCore.DAL", "..\CrudUsingCore.DAL\CrudUsingCore.DAL.csproj", "{6059CF1B-FA7C-4B72-8CDF-513FAD4E3C81}"
EndProject
Project("{FAE04EC0-301F-11D3-BF4B-00C04F79EFBC}") = "CrudUsingCore.BL", "..\CrudUsingCore.BAL\CrudUsingCore.BL.csproj", "{5BCE505F-41F0-4DB1-916F-0AC5AAA9DEB2}"
EndProject
Project("{FAE04EC0-301F-11D3-BF4B-00C04F79EFBC}") = "CrudUsingCore.Models", "..\CrudUsingCore.Models\CrudUsingCore.Models.csproj", "{E623355D-ACC9-4378-A1BD-CA3A94ACE624}"
EndProject
Project("{FAE04EC0-301F-11D3-BF4B-00C04F79EFBC}") = "CrudUsingCore.Utils", "..\CrudUsingCore.Utils\CrudUsingCore.Utils.csproj", "{EA3D5853-9B26-4684-98BD-0968D3E1D655}"
EndProject
Global
	GlobalSection(SolutionConfigurationPlatforms) = preSolution
		Debug|Any CPU = Debug|Any CPU
		Release|Any CPU = Release|Any CPU
	EndGlobalSection
	GlobalSection(ProjectConfigurationPlatforms) = postSolution
		{493ED90D-41F8-49E7-B6D7-382CC87ECB21}.Debug|Any CPU.ActiveCfg = Debug|Any CPU
		{493ED90D-41F8-49E7-B6D7-382CC87ECB21}.Debug|Any CPU.Build.0 = Debug|Any CPU
		{493ED90D-41F8-49E7-B6D7-382CC87ECB21}.Release|Any CPU.ActiveCfg = Release|Any CPU
		{493ED90D-41F8-49E7-B6D7-382CC87ECB21}.Release|Any CPU.Build.0 = Release|Any CPU
		{6059CF1B-FA7C-4B72-8CDF-513FAD4E3C81}.Debug|Any CPU.ActiveCfg = Debug|Any CPU
		{6059CF1B-FA7C-4B72-8CDF-513FAD4E3C81}.Debug|Any CPU.Build.0 = Debug|Any CPU
		{6059CF1B-FA7C-4B72-8CDF-513FAD4E3C81}.Release|Any CPU.ActiveCfg = Release|Any CPU
		{6059CF1B-FA7C-4B72-8CDF-513FAD4E3C81}.Release|Any CPU.Build.0 = Release|Any CPU
		{5BCE505F-41F0-4DB1-916F-0AC5AAA9DEB2}.Debug|Any CPU.ActiveCfg = Debug|Any CPU
		{5BCE505F-41F0-4DB1-916F-0AC5AAA9DEB2}.Debug|Any CPU.Build.0 = Debug|Any CPU
		{5BCE505F-41F0-4DB1-916F-0AC5AAA9DEB2}.Release|Any CPU.ActiveCfg = Release|Any CPU
		{5BCE505F-41F0-4DB1-916F-0AC5AAA9DEB2}.Release|Any CPU.Build.0 = Release|Any CPU
		{E623355D-ACC9-4378-A1BD-CA3A94ACE624}.Debug|Any CPU.ActiveCfg = Debug|Any CPU
		{E623355D-ACC9-4378-A1BD-CA3A94ACE624}.Debug|Any CPU.Build.0 = Debug|Any CPU
		{E623355D-ACC9-4378-A1BD-CA3A94ACE624}.Release|Any CPU.ActiveCfg = Release|Any CPU
		{E623355D-ACC9-4378-A1BD-CA3A94ACE624}.Release|Any CPU.Build.0 = Release|Any CPU
		{EA3D5853-9B26-4684-98BD-0968D3E1D655}.Debug|Any CPU.ActiveCfg = Debug|Any CPU
		{EA3D5853-9B26-4684-98BD-0968D3E1D655}.Debug|Any CPU.Build.0 = Debug|Any CPU
		{EA3D5853-9B26-4684-98BD-0968D3E1D655}.Release|Any CPU.ActiveCfg = Release|Any CPU
		{EA3D5853-9B26-4684-98BD-0968D3E1D655}.Release|Any CPU.Build.0 = Release|Any CPU
	EndGlobalSection
	GlobalSection(SolutionProperties) = preSolution
		HideSolutionNode = FALSE
	EndGlobalSection
	GlobalSection(ExtensibilityGlobals) = postSolution
		SolutionGuid = {66766E99-E026-4E77-8D7D-537C6364E34D}
	EndGlobalSection
EndGlobal
