
Microsoft Visual Studio Solution File, Format Version 12.00
# Visual Studio Version 17
VisualStudioVersion = 17.8.34525.116
MinimumVisualStudioVersion = 10.0.40219.1
Project("{FAE04EC0-301F-11D3-BF4B-00C04F79EFBC}") = "TentRentalProject.Web", "TentRentalProject.Web.csproj", "{05994306-04C1-47AC-A32D-2CF884093507}"
EndProject
Project("{FAE04EC0-301F-11D3-BF4B-00C04F79EFBC}") = "TentRentalProject.Utils", "..\TentRentalProject.Utils\TentRentalProject.Utils.csproj", "{E4D36F6A-ED12-44A3-B6CC-71B578F00273}"
EndProject
Project("{FAE04EC0-301F-11D3-BF4B-00C04F79EFBC}") = "TentRentalProject.Models", "..\TentRentalProject.Models\TentRentalProject.Models.csproj", "{E7BC7A11-9C59-407F-85BF-F517B8D94DC7}"
EndProject
Project("{FAE04EC0-301F-11D3-BF4B-00C04F79EFBC}") = "TentRentalProject.DataAccessLayer", "..\TentRentalProject.DataAccessLayer\TentRentalProject.DataAccessLayer.csproj", "{1F8A0265-1407-4198-B86B-09CB21C694B6}"
EndProject
Project("{FAE04EC0-301F-11D3-BF4B-00C04F79EFBC}") = "TentRentalProject.Business", "..\TentRentalProject.BusinessLayer\TentRentalProject.Business.csproj", "{19A3AD5A-1EDD-4044-963D-601F084AD54C}"
EndProject
Project("{FAE04EC0-301F-11D3-BF4B-00C04F79EFBC}") = "TentRentalProject.UnitTest", "..\TentRentalProject.UnitTest\TentRentalProject.UnitTest.csproj", "{0FCC6EB2-CE4F-47FA-B0F3-CF25A3C00BB9}"
EndProject
Global
	GlobalSection(SolutionConfigurationPlatforms) = preSolution
		Debug|Any CPU = Debug|Any CPU
		Release|Any CPU = Release|Any CPU
	EndGlobalSection
	GlobalSection(ProjectConfigurationPlatforms) = postSolution
		{05994306-04C1-47AC-A32D-2CF884093507}.Debug|Any CPU.ActiveCfg = Debug|Any CPU
		{05994306-04C1-47AC-A32D-2CF884093507}.Debug|Any CPU.Build.0 = Debug|Any CPU
		{05994306-04C1-47AC-A32D-2CF884093507}.Release|Any CPU.ActiveCfg = Release|Any CPU
		{05994306-04C1-47AC-A32D-2CF884093507}.Release|Any CPU.Build.0 = Release|Any CPU
		{E4D36F6A-ED12-44A3-B6CC-71B578F00273}.Debug|Any CPU.ActiveCfg = Debug|Any CPU
		{E4D36F6A-ED12-44A3-B6CC-71B578F00273}.Debug|Any CPU.Build.0 = Debug|Any CPU
		{E4D36F6A-ED12-44A3-B6CC-71B578F00273}.Release|Any CPU.ActiveCfg = Release|Any CPU
		{E4D36F6A-ED12-44A3-B6CC-71B578F00273}.Release|Any CPU.Build.0 = Release|Any CPU
		{E7BC7A11-9C59-407F-85BF-F517B8D94DC7}.Debug|Any CPU.ActiveCfg = Debug|Any CPU
		{E7BC7A11-9C59-407F-85BF-F517B8D94DC7}.Debug|Any CPU.Build.0 = Debug|Any CPU
		{E7BC7A11-9C59-407F-85BF-F517B8D94DC7}.Release|Any CPU.ActiveCfg = Release|Any CPU
		{E7BC7A11-9C59-407F-85BF-F517B8D94DC7}.Release|Any CPU.Build.0 = Release|Any CPU
		{1F8A0265-1407-4198-B86B-09CB21C694B6}.Debug|Any CPU.ActiveCfg = Debug|Any CPU
		{1F8A0265-1407-4198-B86B-09CB21C694B6}.Debug|Any CPU.Build.0 = Debug|Any CPU
		{1F8A0265-1407-4198-B86B-09CB21C694B6}.Release|Any CPU.ActiveCfg = Release|Any CPU
		{1F8A0265-1407-4198-B86B-09CB21C694B6}.Release|Any CPU.Build.0 = Release|Any CPU
		{19A3AD5A-1EDD-4044-963D-601F084AD54C}.Debug|Any CPU.ActiveCfg = Debug|Any CPU
		{19A3AD5A-1EDD-4044-963D-601F084AD54C}.Debug|Any CPU.Build.0 = Debug|Any CPU
		{19A3AD5A-1EDD-4044-963D-601F084AD54C}.Release|Any CPU.ActiveCfg = Release|Any CPU
		{19A3AD5A-1EDD-4044-963D-601F084AD54C}.Release|Any CPU.Build.0 = Release|Any CPU
		{0FCC6EB2-CE4F-47FA-B0F3-CF25A3C00BB9}.Debug|Any CPU.ActiveCfg = Debug|Any CPU
		{0FCC6EB2-CE4F-47FA-B0F3-CF25A3C00BB9}.Debug|Any CPU.Build.0 = Debug|Any CPU
		{0FCC6EB2-CE4F-47FA-B0F3-CF25A3C00BB9}.Release|Any CPU.ActiveCfg = Release|Any CPU
		{0FCC6EB2-CE4F-47FA-B0F3-CF25A3C00BB9}.Release|Any CPU.Build.0 = Release|Any CPU
	EndGlobalSection
	GlobalSection(SolutionProperties) = preSolution
		HideSolutionNode = FALSE
	EndGlobalSection
	GlobalSection(ExtensibilityGlobals) = postSolution
		SolutionGuid = {01917BE4-718D-4A84-A296-C1C52B4FE32A}
	EndGlobalSection
EndGlobal
