
Microsoft Visual Studio Solution File, Format Version 12.00
# Visual Studio Version 17
VisualStudioVersion = 17.8.34525.116
MinimumVisualStudioVersion = 10.0.40219.1
Project("{FAE04EC0-301F-11D3-BF4B-00C04F79EFBC}") = "Extension&Genericclass", "Extension&Genericclass\Extension&Genericclass.csproj", "{D960664B-EA18-4414-9600-1C370CE4DE11}"
EndProject
Global
	GlobalSection(SolutionConfigurationPlatforms) = preSolution
		Debug|Any CPU = Debug|Any CPU
		Release|Any CPU = Release|Any CPU
	EndGlobalSection
	GlobalSection(ProjectConfigurationPlatforms) = postSolution
		{D960664B-EA18-4414-9600-1C370CE4DE11}.Debug|Any CPU.ActiveCfg = Debug|Any CPU
		{D960664B-EA18-4414-9600-1C370CE4DE11}.Debug|Any CPU.Build.0 = Debug|Any CPU
		{D960664B-EA18-4414-9600-1C370CE4DE11}.Release|Any CPU.ActiveCfg = Release|Any CPU
		{D960664B-EA18-4414-9600-1C370CE4DE11}.Release|Any CPU.Build.0 = Release|Any CPU
	EndGlobalSection
	GlobalSection(SolutionProperties) = preSolution
		HideSolutionNode = FALSE
	EndGlobalSection
	GlobalSection(ExtensibilityGlobals) = postSolution
		SolutionGuid = {8A4FA510-89B6-4ED9-A964-D7BB8D2B6F1C}
	EndGlobalSection
EndGlobal
