
Microsoft Visual Studio Solution File, Format Version 12.00
# Visual Studio Version 17
VisualStudioVersion = 17.8.34525.116
MinimumVisualStudioVersion = 10.0.40219.1
Project("{FAE04EC0-301F-11D3-BF4B-00C04F79EFBC}") = "WindowsFormsApp1", "WindowsFormsApp1.csproj", "{BB78F8E3-CC58-4A83-B453-A1CCB55427FA}"
EndProject
Global
	GlobalSection(SolutionConfigurationPlatforms) = preSolution
		Debug|Any CPU = Debug|Any CPU
		Release|Any CPU = Release|Any CPU
	EndGlobalSection
	GlobalSection(ProjectConfigurationPlatforms) = postSolution
		{BB78F8E3-CC58-4A83-B453-A1CCB55427FA}.Debug|Any CPU.ActiveCfg = Debug|Any CPU
		{BB78F8E3-CC58-4A83-B453-A1CCB55427FA}.Debug|Any CPU.Build.0 = Debug|Any CPU
		{BB78F8E3-CC58-4A83-B453-A1CCB55427FA}.Release|Any CPU.ActiveCfg = Release|Any CPU
		{BB78F8E3-CC58-4A83-B453-A1CCB55427FA}.Release|Any CPU.Build.0 = Release|Any CPU
	EndGlobalSection
	GlobalSection(SolutionProperties) = preSolution
		HideSolutionNode = FALSE
	EndGlobalSection
	GlobalSection(ExtensibilityGlobals) = postSolution
		SolutionGuid = {2935937E-8B5C-4237-8B67-0BB3E6BAB1BF}
	EndGlobalSection
EndGlobal
