 
Microsoft Visual Studio Solution File, Format Version 12.00
# Visual Studio Version 17
VisualStudioVersion = 17.8.34525.116
MinimumVisualStudioVersion = 10.0.40219.1
Project("{FAE04EC0-301F-11D3-BF4B-00C04F79EFBC}") = "C_sharp_Practice_Codes", "C_sharp_Practice_Codes\C_sharp_Practice_Codes.csproj", "{C768A228-67B8-4BE2-9340-A0E9BC106C74}"
EndProject
Global
	GlobalSection(SolutionConfigurationPlatforms) = preSolution
		Debug|Any CPU = Debug|Any CPU
		Release|Any CPU = Release|Any CPU
	EndGlobalSection
	GlobalSection(ProjectConfigurationPlatforms) = postSolution
		{C768A228-67B8-4BE2-9340-A0E9BC106C74}.Debug|Any CPU.ActiveCfg = Debug|Any CPU
		{C768A228-67B8-4BE2-9340-A0E9BC106C74}.Debug|Any CPU.Build.0 = Debug|Any CPU
		{C768A228-67B8-4BE2-9340-A0E9BC106C74}.Release|Any CPU.ActiveCfg = Release|Any CPU
		{C768A228-67B8-4BE2-9340-A0E9BC106C74}.Release|Any CPU.Build.0 = Release|Any CPU
	EndGlobalSection
	GlobalSection(SolutionProperties) = preSolution
		HideSolutionNode = FALSE
	EndGlobalSection
	GlobalSection(ExtensibilityGlobals) = postSolution
		SolutionGuid = {85560CD1-C683-47B2-B4D0-33D00C1E7E6C}
	EndGlobalSection
EndGlobal
